Microsoft Visual Studio Solution File, Format Version 12.00
# Visual Studio Version 17
VisualStudioVersion = 17.5.2.0
MinimumVisualStudioVersion = 10.0.40219.1
Project("{FAE04EC0-301F-11D3-BF4B-00C04F79EFBC}") = "runproj", "runproj\runproj.csproj", "{20E74F76-94E4-8AFE-E4B3-FD46279D1D8C}"
EndProject
Global
	GlobalSection(SolutionConfigurationPlatforms) = preSolution
		Debug|Any CPU = Debug|Any CPU
		Release|Any CPU = Release|Any CPU
	EndGlobalSection
	GlobalSection(ProjectConfigurationPlatforms) = postSolution
		{20E74F76-94E4-8AFE-E4B3-FD46279D1D8C}.Debug|Any CPU.ActiveCfg = Debug|Any CPU
		{20E74F76-94E4-8AFE-E4B3-FD46279D1D8C}.Debug|Any CPU.Build.0 = Debug|Any CPU
		{20E74F76-94E4-8AFE-E4B3-FD46279D1D8C}.Release|Any CPU.ActiveCfg = Release|Any CPU
		{20E74F76-94E4-8AFE-E4B3-FD46279D1D8C}.Release|Any CPU.Build.0 = Release|Any CPU
	EndGlobalSection
	GlobalSection(SolutionProperties) = preSolution
		HideSolutionNode = FALSE
	EndGlobalSection
	GlobalSection(ExtensibilityGlobals) = postSolution
		SolutionGuid = {9832E9F0-DE86-4266-8732-E9196F013888}
	EndGlobalSection
EndGlobal
